
Microsoft Visual Studio Solution File, Format Version 12.00
# Visual Studio 15
VisualStudioVersion = 15.0.28307.779
MinimumVisualStudioVersion = 10.0.40219.1
Project("{FAE04EC0-301F-11D3-BF4B-00C04F79EFBC}") = "TrugoLib", "TrugoLib\TrugoLib.csproj", "{9758D4EE-4942-4A86-9DDF-14780BEB995C}"
EndProject
Project("{FAE04EC0-301F-11D3-BF4B-00C04F79EFBC}") = "TrugoTest", "TrugoTest\TrugoTest.csproj", "{DF8B7A32-6B19-44EB-BA00-5AD7C69134FF}"
EndProject
Global
	GlobalSection(SolutionConfigurationPlatforms) = preSolution
		Debug|Any CPU = Debug|Any CPU
		Release|Any CPU = Release|Any CPU
	EndGlobalSection
	GlobalSection(ProjectConfigurationPlatforms) = postSolution
		{9758D4EE-4942-4A86-9DDF-14780BEB995C}.Debug|Any CPU.ActiveCfg = Debug|Any CPU
		{9758D4EE-4942-4A86-9DDF-14780BEB995C}.Debug|Any CPU.Build.0 = Debug|Any CPU
		{9758D4EE-4942-4A86-9DDF-14780BEB995C}.Release|Any CPU.ActiveCfg = Release|Any CPU
		{9758D4EE-4942-4A86-9DDF-14780BEB995C}.Release|Any CPU.Build.0 = Release|Any CPU
		{DF8B7A32-6B19-44EB-BA00-5AD7C69134FF}.Debug|Any CPU.ActiveCfg = Debug|Any CPU
		{DF8B7A32-6B19-44EB-BA00-5AD7C69134FF}.Debug|Any CPU.Build.0 = Debug|Any CPU
		{DF8B7A32-6B19-44EB-BA00-5AD7C69134FF}.Release|Any CPU.ActiveCfg = Release|Any CPU
		{DF8B7A32-6B19-44EB-BA00-5AD7C69134FF}.Release|Any CPU.Build.0 = Release|Any CPU
	EndGlobalSection
	GlobalSection(SolutionProperties) = preSolution
		HideSolutionNode = FALSE
	EndGlobalSection
	GlobalSection(ExtensibilityGlobals) = postSolution
		SolutionGuid = {0AA45623-4854-4B38-9C03-58ED4C05927F}
	EndGlobalSection
EndGlobal
